<?xml version="1.0" encoding="utf-8"?>
<Project ToolsVersion="4.0" xmlns="http://schemas.microsoft.com/developer/msbuild/2003">
  <ItemGroup>
    <Filter Include="Source Files">
      <UniqueIdentifier>{4FC737F1-C7A5-4376-A066-2A32D752A2FF}</UniqueIdentifier>
      <Extensions>cpp;c;cc;cxx;def;odl;idl;hpj;bat;asm;asmx</Extensions>
    </Filter>
    <Filter Include="Header Files">
      <UniqueIdentifier>{93995380-89BD-4b04-88EB-625FBE52EBFB}</UniqueIdentifier>
      <Extensions>h;hh;hpp;hxx;hm;inl;inc;ipp;xsd</Extensions>
    </Filter>
    <Filter Include="Resource Files">
      <UniqueIdentifier>{67DA6AB6-F800-4c08-8B7A-83BB121AAD01}</UniqueIdentifier>
      <Extensions>rc;ico;cur;bmp;dlg;rc2;rct;bin;rgs;gif;jpg;jpeg;jpe;resx;tiff;tif;png;wav;mfcribbon-ms</Extensions>
    </Filter>
  </ItemGroup>
  <ItemGroup>
    <ClInclude Include="src\include\dict.h">
      <Filter>Header Files</Filter>
    </ClInclude>
    <ClInclude Include="src\include\hashtable.h">
      <Filter>Header Files</Filter>
    </ClInclude>
    <ClInclude Include="src\include\hashtable2.h">
      <Filter>Header Files</Filter>
    </ClInclude>
    <ClInclude Include="src\include\pr_tree.h">
      <Filter>Header Files</Filter>
    </ClInclude>
    <ClInclude Include="src\include\rb_tree.h">
      <Filter>Header Files</Filter>
    </ClInclude>
    <ClInclude Include="src\include\skiplist.h">
      <Filter>Header Files</Filter>
    </ClInclude>
    <ClInclude Include="src\include\sp_tree.h">
      <Filter>Header Files</Filter>
    </ClInclude>
    <ClInclude Include="src\include\tr_tree.h">
      <Filter>Header Files</Filter>
    </ClInclude>
    <ClInclude Include="src\include\wb_tree.h">
      <Filter>Header Files</Filter>
    </ClInclude>
    <ClInclude Include="src\dict_private.h">
      <Filter>Header Files</Filter>
    </ClInclude>
    <ClInclude Include="src\hashtable_common.h">
      <Filter>Header Files</Filter>
    </ClInclude>
    <ClInclude Include="src\tree_common.h">
      <Filter>Header Files</Filter>
    </ClInclude>
  </ItemGroup>
  <ItemGroup>
    <ClCompile Include="src\dict.c">
      <Filter>Source Files</Filter>
    </ClCompile>
    <ClCompile Include="src\hashtable.c">
      <Filter>Source Files</Filter>
    </ClCompile>
    <ClCompile Include="src\hashtable_common.c">
      <Filter>Source Files</Filter>
    </ClCompile>
    <ClCompile Include="src\hashtable2.c">
      <Filter>Source Files</Filter>
    </ClCompile>
    <ClCompile Include="src\pr_tree.c">
      <Filter>Source Files</Filter>
    </ClCompile>
    <ClCompile Include="src\rb_tree.c">
      <Filter>Source Files</Filter>
    </ClCompile>
    <ClCompile Include="src\skiplist.c">
      <Filter>Source Files</Filter>
    </ClCompile>
    <ClCompile Include="src\sp_tree.c">
      <Filter>Source Files</Filter>
    </ClCompile>
    <ClCompile Include="src\tr_tree.c">
      <Filter>Source Files</Filter>
    </ClCompile>
    <ClCompile Include="src\tree_common.c">
      <Filter>Source Files</Filter>
    </ClCompile>
    <ClCompile Include="src\wb_tree.c">
      <Filter>Source Files</Filter>
    </ClCompile>
  </ItemGroup>
</Project>